
Microsoft Visual Studio Solution File, Format Version 12.00
# Visual Studio 15
VisualStudioVersion = 15.0.26403.3
MinimumVisualStudioVersion = 10.0.40219.1
Project("{2150E333-8FDC-42A3-9474-1A3956D46DE8}") = ".paket", ".paket", "{BAF251B4-E8B8-4CD4-8403-CF562475F317}"
	ProjectSection(SolutionItems) = preProject
		..\paket.dependencies = ..\paket.dependencies
	EndProjectSection
EndProject
Project("{F2A71F9B-5D33-465A-A702-920D77279786}") = "GarminTCD", "GarminTCD\GarminTCD.fsproj", "{479F6FEC-9898-4464-AA50-9D1496B01745}"
EndProject
Global
	GlobalSection(SolutionConfigurationPlatforms) = preSolution
		Debug|Any CPU = Debug|Any CPU
		Release|Any CPU = Release|Any CPU
	EndGlobalSection
	GlobalSection(ProjectConfigurationPlatforms) = postSolution
		{479F6FEC-9898-4464-AA50-9D1496B01745}.Debug|Any CPU.ActiveCfg = Debug|Any CPU
		{479F6FEC-9898-4464-AA50-9D1496B01745}.Debug|Any CPU.Build.0 = Debug|Any CPU
		{479F6FEC-9898-4464-AA50-9D1496B01745}.Release|Any CPU.ActiveCfg = Release|Any CPU
		{479F6FEC-9898-4464-AA50-9D1496B01745}.Release|Any CPU.Build.0 = Release|Any CPU
	EndGlobalSection
	GlobalSection(SolutionProperties) = preSolution
		HideSolutionNode = FALSE
	EndGlobalSection
EndGlobal
